
Microsoft Visual Studio Solution File, Format Version 12.00
# Visual Studio Version 17
VisualStudioVersion = 17.12.35527.113
MinimumVisualStudioVersion = 10.0.40219.1
Project("{2150E333-8FDC-42A3-9474-1A3956D46DE8}") = "Lesson_03", "Lesson_03", "{55AD88E6-C86E-458A-B323-B4E9E9D0EF45}"
EndProject
Project("{FAE04EC0-301F-11D3-BF4B-00C04F79EFBC}") = "Task_03_04", "Task_03_04\Task_03_04.csproj", "{F5CE198F-0311-4A69-B31A-CD3A51B77BDA}"
EndProject
Project("{FAE04EC0-301F-11D3-BF4B-00C04F79EFBC}") = "Task_03_05", "Task_03_05\Task_03_05.csproj", "{DEDDB984-9985-42AD-BB97-BC7C7AB6EA80}"
EndProject
Project("{FAE04EC0-301F-11D3-BF4B-00C04F79EFBC}") = "Task_03_08", "Task_03_08\Task_03_08.csproj", "{D954D0D2-C257-4DDB-8C9E-93FA82170AF3}"
EndProject
Project("{FAE04EC0-301F-11D3-BF4B-00C04F79EFBC}") = "Task_03_06", "Task_03_06\Task_03_06.csproj", "{C5C3E10D-66A4-47AF-B255-8AA301F7CBC1}"
EndProject
Project("{FAE04EC0-301F-11D3-BF4B-00C04F79EFBC}") = "Task_03_07", "Task_03_07\Task_03_07.csproj", "{E960409D-6740-4619-A438-6B75DC259524}"
EndProject
Project("{2150E333-8FDC-42A3-9474-1A3956D46DE8}") = "Lesson_04", "Lesson_04", "{5A61E247-FD92-4B05-A540-3515D80D2CCD}"
EndProject
Project("{FAE04EC0-301F-11D3-BF4B-00C04F79EFBC}") = "Task_04_05", "Task_04_05\Task_04_05.csproj", "{66ACD442-BACB-432C-A1CB-2EE189FA5761}"
EndProject
Project("{FAE04EC0-301F-11D3-BF4B-00C04F79EFBC}") = "Task_04_07", "Task_04_07\Task_04_07.csproj", "{B2F37DF1-9092-47B7-9622-FAA501C8974A}"
EndProject
Project("{2150E333-8FDC-42A3-9474-1A3956D46DE8}") = "Lesson_02", "Lesson_02", "{077CB34C-EAB6-4034-91E9-11BB8C3FB18E}"
EndProject
Project("{FAE04EC0-301F-11D3-BF4B-00C04F79EFBC}") = "Task_02_02", "Task_02_02\Task_02_02.csproj", "{5BF9E13F-97D8-4CB0-8E4F-756786C24087}"
EndProject
Project("{FAE04EC0-301F-11D3-BF4B-00C04F79EFBC}") = "Task_02_04", "Task_02_04\Task_02_04.csproj", "{9DD7DE83-7AA3-4C61-987D-0E8EE37E25ED}"
EndProject
Project("{FAE04EC0-301F-11D3-BF4B-00C04F79EFBC}") = "Task_03_09", "Task_03_09\Task_03_09.csproj", "{BE77BB01-27E8-44B3-BA13-3737C0CF7392}"
EndProject
Project("{FAE04EC0-301F-11D3-BF4B-00C04F79EFBC}") = "Task_04_08", "Task_04_08\Task_04_08.csproj", "{2921C9D0-99C8-422A-8783-197404767E56}"
EndProject
Project("{FAE04EC0-301F-11D3-BF4B-00C04F79EFBC}") = "Task_04_09", "Task_04_09\Task_04_09.csproj", "{4E4BE57A-7DFB-475A-98F7-110A1DF11140}"
EndProject
Project("{FAE04EC0-301F-11D3-BF4B-00C04F79EFBC}") = "Task_04__10", "Task_04__10\Task_04__10.csproj", "{13EAB003-ADA1-489B-B49B-E69B648CDD7C}"
EndProject
Project("{FAE04EC0-301F-11D3-BF4B-00C04F79EFBC}") = "Task_04_06", "Task_04_06\Task_04_06.csproj", "{45CA6222-DD77-4A1E-8594-F068B4D32C44}"
EndProject
Project("{2150E333-8FDC-42A3-9474-1A3956D46DE8}") = "Lesson_05", "Lesson_05", "{87BBCBD7-775D-4E32-8D49-0F912C37DECB}"
EndProject
Project("{FAE04EC0-301F-11D3-BF4B-00C04F79EFBC}") = "Task_05_03", "Task_05_03\Task_05_03.csproj", "{43510B43-2F35-4E92-8842-AD841679D8E3}"
EndProject
Project("{FAE04EC0-301F-11D3-BF4B-00C04F79EFBC}") = "Task_05_04", "Task_05_04\Task_05_04.csproj", "{37C31D4D-EC6C-4F09-B9E5-214682DA1EE2}"
EndProject
Project("{FAE04EC0-301F-11D3-BF4B-00C04F79EFBC}") = "Task_05_05", "Task_05_05\Task_05_05.csproj", "{F6776BAD-42C6-4C31-9089-EA7CBD332F59}"
EndProject
Project("{FAE04EC0-301F-11D3-BF4B-00C04F79EFBC}") = "Task_05_06", "Task_05_06\Task_05_06.csproj", "{31155ED2-3B15-4DD8-881E-9612A5DD27B3}"
EndProject
Project("{FAE04EC0-301F-11D3-BF4B-00C04F79EFBC}") = "Task_05_07", "Task_05_07\Task_05_07.csproj", "{1138EB40-5926-4A30-A741-E992ACBFA4B7}"
EndProject
Project("{FAE04EC0-301F-11D3-BF4B-00C04F79EFBC}") = "Task_05_08", "Task_05_08\Task_05_08.csproj", "{4913BCAA-A389-4767-916F-923F4698ACB3}"
EndProject
Project("{2150E333-8FDC-42A3-9474-1A3956D46DE8}") = "Lesson_11", "Lesson_11", "{4B095B8A-5F4C-4DB4-99DC-D8210D785B62}"
EndProject
Project("{FAE04EC0-301F-11D3-BF4B-00C04F79EFBC}") = "Task_11_01", "Task_10_01\Task_11_01.csproj", "{31BEF1DE-F711-489E-B49C-07A3B188764B}"
EndProject
Project("{FAE04EC0-301F-11D3-BF4B-00C04F79EFBC}") = "Task_11_02", "Task_10_02\Task_11_02.csproj", "{CE3705B7-66D0-43D2-A08D-4AFD2E2318BA}"
EndProject
Project("{FAE04EC0-301F-11D3-BF4B-00C04F79EFBC}") = "Task_11_03", "Task_11_03\Task_11_03.csproj", "{9276A6FD-1691-4041-8A76-386C70725B58}"
EndProject
Project("{FAE04EC0-301F-11D3-BF4B-00C04F79EFBC}") = "Task_11_04", "Task_11_04\Task_11_04.csproj", "{B83B8EE3-9DDC-445B-9EA5-8B99A18ABCA0}"
EndProject
Project("{FAE04EC0-301F-11D3-BF4B-00C04F79EFBC}") = "Task_11_05", "Task_11_05\Task_11_05.csproj", "{77A74AB4-7D98-4194-A362-3FD66BA84686}"
EndProject
Project("{FAE04EC0-301F-11D3-BF4B-00C04F79EFBC}") = "Task_11_06", "Task_11_06\Task_11_06.csproj", "{FAE87DFE-9E23-40ED-AF95-4B79778F7EE6}"
EndProject
Project("{FAE04EC0-301F-11D3-BF4B-00C04F79EFBC}") = "Task_11_07", "Task_11_07\Task_11_07.csproj", "{92426666-B168-4C2E-9D5C-88D3193ADD0A}"
EndProject
Project("{FAE04EC0-301F-11D3-BF4B-00C04F79EFBC}") = "Task_11_08", "Task_11_08\Task_11_08.csproj", "{83620A1F-8D34-4069-A5DE-F856BC5F5950}"
EndProject
Project("{2150E333-8FDC-42A3-9474-1A3956D46DE8}") = "Lesson_12", "Lesson_12", "{FF570D11-7DA9-452E-96A8-133C67B656CB}"
EndProject
Project("{FAE04EC0-301F-11D3-BF4B-00C04F79EFBC}") = "Task_12_01", "Task_12_01\Task_12_01.csproj", "{7B6F969A-229A-4F43-8FF2-C27D9DCA9204}"
EndProject
Project("{2150E333-8FDC-42A3-9474-1A3956D46DE8}") = "Lesson_13", "Lesson_13", "{67CDE129-64BD-4A6A-A708-A9789F967806}"
EndProject
Project("{FAE04EC0-301F-11D3-BF4B-00C04F79EFBC}") = "Task_13_02", "Task_13_02\Task_13_02.csproj", "{2B36CB1B-9D4A-4B8F-B3B6-FBE7D2FC30C1}"
EndProject
Project("{FAE04EC0-301F-11D3-BF4B-00C04F79EFBC}") = "Task_13_03", "Task_13_03\Task_13_03.csproj", "{9DA4283B-DCE5-4E5B-A1BE-B5BF8BC94A43}"
EndProject
Project("{2150E333-8FDC-42A3-9474-1A3956D46DE8}") = "Lesson_14", "Lesson_14", "{BA2D62B2-9BE4-4C6D-A8D0-F8B3D7159549}"
EndProject
Project("{FAE04EC0-301F-11D3-BF4B-00C04F79EFBC}") = "Task_14_03", "Task_14_03\Task_14_03.csproj", "{C377D192-7962-4A7F-B435-CEACF35BBE2D}"
EndProject
Project("{FAE04EC0-301F-11D3-BF4B-00C04F79EFBC}") = "Task_14_04", "Task_14_04\Task_14_04.csproj", "{5E80B3C5-08A8-4E7A-A330-A5CCAE298B54}"
EndProject
Global
	GlobalSection(SolutionConfigurationPlatforms) = preSolution
		Debug|Any CPU = Debug|Any CPU
		Release|Any CPU = Release|Any CPU
	EndGlobalSection
	GlobalSection(ProjectConfigurationPlatforms) = postSolution
		{F5CE198F-0311-4A69-B31A-CD3A51B77BDA}.Debug|Any CPU.ActiveCfg = Debug|Any CPU
		{F5CE198F-0311-4A69-B31A-CD3A51B77BDA}.Debug|Any CPU.Build.0 = Debug|Any CPU
		{F5CE198F-0311-4A69-B31A-CD3A51B77BDA}.Release|Any CPU.ActiveCfg = Release|Any CPU
		{F5CE198F-0311-4A69-B31A-CD3A51B77BDA}.Release|Any CPU.Build.0 = Release|Any CPU
		{DEDDB984-9985-42AD-BB97-BC7C7AB6EA80}.Debug|Any CPU.ActiveCfg = Debug|Any CPU
		{DEDDB984-9985-42AD-BB97-BC7C7AB6EA80}.Debug|Any CPU.Build.0 = Debug|Any CPU
		{DEDDB984-9985-42AD-BB97-BC7C7AB6EA80}.Release|Any CPU.ActiveCfg = Release|Any CPU
		{DEDDB984-9985-42AD-BB97-BC7C7AB6EA80}.Release|Any CPU.Build.0 = Release|Any CPU
		{D954D0D2-C257-4DDB-8C9E-93FA82170AF3}.Debug|Any CPU.ActiveCfg = Debug|Any CPU
		{D954D0D2-C257-4DDB-8C9E-93FA82170AF3}.Debug|Any CPU.Build.0 = Debug|Any CPU
		{D954D0D2-C257-4DDB-8C9E-93FA82170AF3}.Release|Any CPU.ActiveCfg = Release|Any CPU
		{D954D0D2-C257-4DDB-8C9E-93FA82170AF3}.Release|Any CPU.Build.0 = Release|Any CPU
		{C5C3E10D-66A4-47AF-B255-8AA301F7CBC1}.Debug|Any CPU.ActiveCfg = Debug|Any CPU
		{C5C3E10D-66A4-47AF-B255-8AA301F7CBC1}.Debug|Any CPU.Build.0 = Debug|Any CPU
		{C5C3E10D-66A4-47AF-B255-8AA301F7CBC1}.Release|Any CPU.ActiveCfg = Release|Any CPU
		{C5C3E10D-66A4-47AF-B255-8AA301F7CBC1}.Release|Any CPU.Build.0 = Release|Any CPU
		{E960409D-6740-4619-A438-6B75DC259524}.Debug|Any CPU.ActiveCfg = Debug|Any CPU
		{E960409D-6740-4619-A438-6B75DC259524}.Debug|Any CPU.Build.0 = Debug|Any CPU
		{E960409D-6740-4619-A438-6B75DC259524}.Release|Any CPU.ActiveCfg = Release|Any CPU
		{E960409D-6740-4619-A438-6B75DC259524}.Release|Any CPU.Build.0 = Release|Any CPU
		{66ACD442-BACB-432C-A1CB-2EE189FA5761}.Debug|Any CPU.ActiveCfg = Debug|Any CPU
		{66ACD442-BACB-432C-A1CB-2EE189FA5761}.Debug|Any CPU.Build.0 = Debug|Any CPU
		{66ACD442-BACB-432C-A1CB-2EE189FA5761}.Release|Any CPU.ActiveCfg = Release|Any CPU
		{66ACD442-BACB-432C-A1CB-2EE189FA5761}.Release|Any CPU.Build.0 = Release|Any CPU
		{B2F37DF1-9092-47B7-9622-FAA501C8974A}.Debug|Any CPU.ActiveCfg = Debug|Any CPU
		{B2F37DF1-9092-47B7-9622-FAA501C8974A}.Debug|Any CPU.Build.0 = Debug|Any CPU
		{B2F37DF1-9092-47B7-9622-FAA501C8974A}.Release|Any CPU.ActiveCfg = Release|Any CPU
		{B2F37DF1-9092-47B7-9622-FAA501C8974A}.Release|Any CPU.Build.0 = Release|Any CPU
		{5BF9E13F-97D8-4CB0-8E4F-756786C24087}.Debug|Any CPU.ActiveCfg = Debug|Any CPU
		{5BF9E13F-97D8-4CB0-8E4F-756786C24087}.Debug|Any CPU.Build.0 = Debug|Any CPU
		{5BF9E13F-97D8-4CB0-8E4F-756786C24087}.Release|Any CPU.ActiveCfg = Release|Any CPU
		{5BF9E13F-97D8-4CB0-8E4F-756786C24087}.Release|Any CPU.Build.0 = Release|Any CPU
		{9DD7DE83-7AA3-4C61-987D-0E8EE37E25ED}.Debug|Any CPU.ActiveCfg = Debug|Any CPU
		{9DD7DE83-7AA3-4C61-987D-0E8EE37E25ED}.Debug|Any CPU.Build.0 = Debug|Any CPU
		{9DD7DE83-7AA3-4C61-987D-0E8EE37E25ED}.Release|Any CPU.ActiveCfg = Release|Any CPU
		{9DD7DE83-7AA3-4C61-987D-0E8EE37E25ED}.Release|Any CPU.Build.0 = Release|Any CPU
		{BE77BB01-27E8-44B3-BA13-3737C0CF7392}.Debug|Any CPU.ActiveCfg = Debug|Any CPU
		{BE77BB01-27E8-44B3-BA13-3737C0CF7392}.Debug|Any CPU.Build.0 = Debug|Any CPU
		{BE77BB01-27E8-44B3-BA13-3737C0CF7392}.Release|Any CPU.ActiveCfg = Release|Any CPU
		{BE77BB01-27E8-44B3-BA13-3737C0CF7392}.Release|Any CPU.Build.0 = Release|Any CPU
		{2921C9D0-99C8-422A-8783-197404767E56}.Debug|Any CPU.ActiveCfg = Debug|Any CPU
		{2921C9D0-99C8-422A-8783-197404767E56}.Debug|Any CPU.Build.0 = Debug|Any CPU
		{2921C9D0-99C8-422A-8783-197404767E56}.Release|Any CPU.ActiveCfg = Release|Any CPU
		{2921C9D0-99C8-422A-8783-197404767E56}.Release|Any CPU.Build.0 = Release|Any CPU
		{4E4BE57A-7DFB-475A-98F7-110A1DF11140}.Debug|Any CPU.ActiveCfg = Debug|Any CPU
		{4E4BE57A-7DFB-475A-98F7-110A1DF11140}.Debug|Any CPU.Build.0 = Debug|Any CPU
		{4E4BE57A-7DFB-475A-98F7-110A1DF11140}.Release|Any CPU.ActiveCfg = Release|Any CPU
		{4E4BE57A-7DFB-475A-98F7-110A1DF11140}.Release|Any CPU.Build.0 = Release|Any CPU
		{13EAB003-ADA1-489B-B49B-E69B648CDD7C}.Debug|Any CPU.ActiveCfg = Debug|Any CPU
		{13EAB003-ADA1-489B-B49B-E69B648CDD7C}.Debug|Any CPU.Build.0 = Debug|Any CPU
		{13EAB003-ADA1-489B-B49B-E69B648CDD7C}.Release|Any CPU.ActiveCfg = Release|Any CPU
		{13EAB003-ADA1-489B-B49B-E69B648CDD7C}.Release|Any CPU.Build.0 = Release|Any CPU
		{45CA6222-DD77-4A1E-8594-F068B4D32C44}.Debug|Any CPU.ActiveCfg = Debug|Any CPU
		{45CA6222-DD77-4A1E-8594-F068B4D32C44}.Debug|Any CPU.Build.0 = Debug|Any CPU
		{45CA6222-DD77-4A1E-8594-F068B4D32C44}.Release|Any CPU.ActiveCfg = Release|Any CPU
		{45CA6222-DD77-4A1E-8594-F068B4D32C44}.Release|Any CPU.Build.0 = Release|Any CPU
		{43510B43-2F35-4E92-8842-AD841679D8E3}.Debug|Any CPU.ActiveCfg = Debug|Any CPU
		{43510B43-2F35-4E92-8842-AD841679D8E3}.Debug|Any CPU.Build.0 = Debug|Any CPU
		{43510B43-2F35-4E92-8842-AD841679D8E3}.Release|Any CPU.ActiveCfg = Release|Any CPU
		{43510B43-2F35-4E92-8842-AD841679D8E3}.Release|Any CPU.Build.0 = Release|Any CPU
		{37C31D4D-EC6C-4F09-B9E5-214682DA1EE2}.Debug|Any CPU.ActiveCfg = Debug|Any CPU
		{37C31D4D-EC6C-4F09-B9E5-214682DA1EE2}.Debug|Any CPU.Build.0 = Debug|Any CPU
		{37C31D4D-EC6C-4F09-B9E5-214682DA1EE2}.Release|Any CPU.ActiveCfg = Release|Any CPU
		{37C31D4D-EC6C-4F09-B9E5-214682DA1EE2}.Release|Any CPU.Build.0 = Release|Any CPU
		{F6776BAD-42C6-4C31-9089-EA7CBD332F59}.Debug|Any CPU.ActiveCfg = Debug|Any CPU
		{F6776BAD-42C6-4C31-9089-EA7CBD332F59}.Debug|Any CPU.Build.0 = Debug|Any CPU
		{F6776BAD-42C6-4C31-9089-EA7CBD332F59}.Release|Any CPU.ActiveCfg = Release|Any CPU
		{F6776BAD-42C6-4C31-9089-EA7CBD332F59}.Release|Any CPU.Build.0 = Release|Any CPU
		{31155ED2-3B15-4DD8-881E-9612A5DD27B3}.Debug|Any CPU.ActiveCfg = Debug|Any CPU
		{31155ED2-3B15-4DD8-881E-9612A5DD27B3}.Debug|Any CPU.Build.0 = Debug|Any CPU
		{31155ED2-3B15-4DD8-881E-9612A5DD27B3}.Release|Any CPU.ActiveCfg = Release|Any CPU
		{31155ED2-3B15-4DD8-881E-9612A5DD27B3}.Release|Any CPU.Build.0 = Release|Any CPU
		{1138EB40-5926-4A30-A741-E992ACBFA4B7}.Debug|Any CPU.ActiveCfg = Debug|Any CPU
		{1138EB40-5926-4A30-A741-E992ACBFA4B7}.Debug|Any CPU.Build.0 = Debug|Any CPU
		{1138EB40-5926-4A30-A741-E992ACBFA4B7}.Release|Any CPU.ActiveCfg = Release|Any CPU
		{1138EB40-5926-4A30-A741-E992ACBFA4B7}.Release|Any CPU.Build.0 = Release|Any CPU
		{4913BCAA-A389-4767-916F-923F4698ACB3}.Debug|Any CPU.ActiveCfg = Debug|Any CPU
		{4913BCAA-A389-4767-916F-923F4698ACB3}.Debug|Any CPU.Build.0 = Debug|Any CPU
		{4913BCAA-A389-4767-916F-923F4698ACB3}.Release|Any CPU.ActiveCfg = Release|Any CPU
		{4913BCAA-A389-4767-916F-923F4698ACB3}.Release|Any CPU.Build.0 = Release|Any CPU
		{31BEF1DE-F711-489E-B49C-07A3B188764B}.Debug|Any CPU.ActiveCfg = Debug|Any CPU
		{31BEF1DE-F711-489E-B49C-07A3B188764B}.Debug|Any CPU.Build.0 = Debug|Any CPU
		{31BEF1DE-F711-489E-B49C-07A3B188764B}.Release|Any CPU.ActiveCfg = Release|Any CPU
		{31BEF1DE-F711-489E-B49C-07A3B188764B}.Release|Any CPU.Build.0 = Release|Any CPU
		{CE3705B7-66D0-43D2-A08D-4AFD2E2318BA}.Debug|Any CPU.ActiveCfg = Debug|Any CPU
		{CE3705B7-66D0-43D2-A08D-4AFD2E2318BA}.Debug|Any CPU.Build.0 = Debug|Any CPU
		{CE3705B7-66D0-43D2-A08D-4AFD2E2318BA}.Release|Any CPU.ActiveCfg = Release|Any CPU
		{CE3705B7-66D0-43D2-A08D-4AFD2E2318BA}.Release|Any CPU.Build.0 = Release|Any CPU
		{9276A6FD-1691-4041-8A76-386C70725B58}.Debug|Any CPU.ActiveCfg = Debug|Any CPU
		{9276A6FD-1691-4041-8A76-386C70725B58}.Debug|Any CPU.Build.0 = Debug|Any CPU
		{9276A6FD-1691-4041-8A76-386C70725B58}.Release|Any CPU.ActiveCfg = Release|Any CPU
		{9276A6FD-1691-4041-8A76-386C70725B58}.Release|Any CPU.Build.0 = Release|Any CPU
		{B83B8EE3-9DDC-445B-9EA5-8B99A18ABCA0}.Debug|Any CPU.ActiveCfg = Debug|Any CPU
		{B83B8EE3-9DDC-445B-9EA5-8B99A18ABCA0}.Debug|Any CPU.Build.0 = Debug|Any CPU
		{B83B8EE3-9DDC-445B-9EA5-8B99A18ABCA0}.Release|Any CPU.ActiveCfg = Release|Any CPU
		{B83B8EE3-9DDC-445B-9EA5-8B99A18ABCA0}.Release|Any CPU.Build.0 = Release|Any CPU
		{77A74AB4-7D98-4194-A362-3FD66BA84686}.Debug|Any CPU.ActiveCfg = Debug|Any CPU
		{77A74AB4-7D98-4194-A362-3FD66BA84686}.Debug|Any CPU.Build.0 = Debug|Any CPU
		{77A74AB4-7D98-4194-A362-3FD66BA84686}.Release|Any CPU.ActiveCfg = Release|Any CPU
		{77A74AB4-7D98-4194-A362-3FD66BA84686}.Release|Any CPU.Build.0 = Release|Any CPU
		{FAE87DFE-9E23-40ED-AF95-4B79778F7EE6}.Debug|Any CPU.ActiveCfg = Debug|Any CPU
		{FAE87DFE-9E23-40ED-AF95-4B79778F7EE6}.Debug|Any CPU.Build.0 = Debug|Any CPU
		{FAE87DFE-9E23-40ED-AF95-4B79778F7EE6}.Release|Any CPU.ActiveCfg = Release|Any CPU
		{FAE87DFE-9E23-40ED-AF95-4B79778F7EE6}.Release|Any CPU.Build.0 = Release|Any CPU
		{92426666-B168-4C2E-9D5C-88D3193ADD0A}.Debug|Any CPU.ActiveCfg = Debug|Any CPU
		{92426666-B168-4C2E-9D5C-88D3193ADD0A}.Debug|Any CPU.Build.0 = Debug|Any CPU
		{92426666-B168-4C2E-9D5C-88D3193ADD0A}.Release|Any CPU.ActiveCfg = Release|Any CPU
		{92426666-B168-4C2E-9D5C-88D3193ADD0A}.Release|Any CPU.Build.0 = Release|Any CPU
		{83620A1F-8D34-4069-A5DE-F856BC5F5950}.Debug|Any CPU.ActiveCfg = Debug|Any CPU
		{83620A1F-8D34-4069-A5DE-F856BC5F5950}.Debug|Any CPU.Build.0 = Debug|Any CPU
		{83620A1F-8D34-4069-A5DE-F856BC5F5950}.Release|Any CPU.ActiveCfg = Release|Any CPU
		{83620A1F-8D34-4069-A5DE-F856BC5F5950}.Release|Any CPU.Build.0 = Release|Any CPU
		{7B6F969A-229A-4F43-8FF2-C27D9DCA9204}.Debug|Any CPU.ActiveCfg = Debug|Any CPU
		{7B6F969A-229A-4F43-8FF2-C27D9DCA9204}.Debug|Any CPU.Build.0 = Debug|Any CPU
		{7B6F969A-229A-4F43-8FF2-C27D9DCA9204}.Release|Any CPU.ActiveCfg = Release|Any CPU
		{7B6F969A-229A-4F43-8FF2-C27D9DCA9204}.Release|Any CPU.Build.0 = Release|Any CPU
		{2B36CB1B-9D4A-4B8F-B3B6-FBE7D2FC30C1}.Debug|Any CPU.ActiveCfg = Debug|Any CPU
		{2B36CB1B-9D4A-4B8F-B3B6-FBE7D2FC30C1}.Debug|Any CPU.Build.0 = Debug|Any CPU
		{2B36CB1B-9D4A-4B8F-B3B6-FBE7D2FC30C1}.Release|Any CPU.ActiveCfg = Release|Any CPU
		{2B36CB1B-9D4A-4B8F-B3B6-FBE7D2FC30C1}.Release|Any CPU.Build.0 = Release|Any CPU
		{9DA4283B-DCE5-4E5B-A1BE-B5BF8BC94A43}.Debug|Any CPU.ActiveCfg = Debug|Any CPU
		{9DA4283B-DCE5-4E5B-A1BE-B5BF8BC94A43}.Debug|Any CPU.Build.0 = Debug|Any CPU
		{9DA4283B-DCE5-4E5B-A1BE-B5BF8BC94A43}.Release|Any CPU.ActiveCfg = Release|Any CPU
		{9DA4283B-DCE5-4E5B-A1BE-B5BF8BC94A43}.Release|Any CPU.Build.0 = Release|Any CPU
		{C377D192-7962-4A7F-B435-CEACF35BBE2D}.Debug|Any CPU.ActiveCfg = Debug|Any CPU
		{C377D192-7962-4A7F-B435-CEACF35BBE2D}.Debug|Any CPU.Build.0 = Debug|Any CPU
		{C377D192-7962-4A7F-B435-CEACF35BBE2D}.Release|Any CPU.ActiveCfg = Release|Any CPU
		{C377D192-7962-4A7F-B435-CEACF35BBE2D}.Release|Any CPU.Build.0 = Release|Any CPU
		{5E80B3C5-08A8-4E7A-A330-A5CCAE298B54}.Debug|Any CPU.ActiveCfg = Debug|Any CPU
		{5E80B3C5-08A8-4E7A-A330-A5CCAE298B54}.Debug|Any CPU.Build.0 = Debug|Any CPU
		{5E80B3C5-08A8-4E7A-A330-A5CCAE298B54}.Release|Any CPU.ActiveCfg = Release|Any CPU
		{5E80B3C5-08A8-4E7A-A330-A5CCAE298B54}.Release|Any CPU.Build.0 = Release|Any CPU
	EndGlobalSection
	GlobalSection(SolutionProperties) = preSolution
		HideSolutionNode = FALSE
	EndGlobalSection
	GlobalSection(NestedProjects) = preSolution
		{F5CE198F-0311-4A69-B31A-CD3A51B77BDA} = {55AD88E6-C86E-458A-B323-B4E9E9D0EF45}
		{DEDDB984-9985-42AD-BB97-BC7C7AB6EA80} = {55AD88E6-C86E-458A-B323-B4E9E9D0EF45}
		{D954D0D2-C257-4DDB-8C9E-93FA82170AF3} = {55AD88E6-C86E-458A-B323-B4E9E9D0EF45}
		{C5C3E10D-66A4-47AF-B255-8AA301F7CBC1} = {55AD88E6-C86E-458A-B323-B4E9E9D0EF45}
		{E960409D-6740-4619-A438-6B75DC259524} = {55AD88E6-C86E-458A-B323-B4E9E9D0EF45}
		{66ACD442-BACB-432C-A1CB-2EE189FA5761} = {5A61E247-FD92-4B05-A540-3515D80D2CCD}
		{B2F37DF1-9092-47B7-9622-FAA501C8974A} = {5A61E247-FD92-4B05-A540-3515D80D2CCD}
		{5BF9E13F-97D8-4CB0-8E4F-756786C24087} = {077CB34C-EAB6-4034-91E9-11BB8C3FB18E}
		{9DD7DE83-7AA3-4C61-987D-0E8EE37E25ED} = {077CB34C-EAB6-4034-91E9-11BB8C3FB18E}
		{BE77BB01-27E8-44B3-BA13-3737C0CF7392} = {55AD88E6-C86E-458A-B323-B4E9E9D0EF45}
		{2921C9D0-99C8-422A-8783-197404767E56} = {5A61E247-FD92-4B05-A540-3515D80D2CCD}
		{4E4BE57A-7DFB-475A-98F7-110A1DF11140} = {5A61E247-FD92-4B05-A540-3515D80D2CCD}
		{13EAB003-ADA1-489B-B49B-E69B648CDD7C} = {5A61E247-FD92-4B05-A540-3515D80D2CCD}
		{45CA6222-DD77-4A1E-8594-F068B4D32C44} = {5A61E247-FD92-4B05-A540-3515D80D2CCD}
		{43510B43-2F35-4E92-8842-AD841679D8E3} = {87BBCBD7-775D-4E32-8D49-0F912C37DECB}
		{37C31D4D-EC6C-4F09-B9E5-214682DA1EE2} = {87BBCBD7-775D-4E32-8D49-0F912C37DECB}
		{F6776BAD-42C6-4C31-9089-EA7CBD332F59} = {87BBCBD7-775D-4E32-8D49-0F912C37DECB}
		{31155ED2-3B15-4DD8-881E-9612A5DD27B3} = {87BBCBD7-775D-4E32-8D49-0F912C37DECB}
		{1138EB40-5926-4A30-A741-E992ACBFA4B7} = {87BBCBD7-775D-4E32-8D49-0F912C37DECB}
		{4913BCAA-A389-4767-916F-923F4698ACB3} = {87BBCBD7-775D-4E32-8D49-0F912C37DECB}
		{31BEF1DE-F711-489E-B49C-07A3B188764B} = {4B095B8A-5F4C-4DB4-99DC-D8210D785B62}
		{CE3705B7-66D0-43D2-A08D-4AFD2E2318BA} = {4B095B8A-5F4C-4DB4-99DC-D8210D785B62}
		{9276A6FD-1691-4041-8A76-386C70725B58} = {4B095B8A-5F4C-4DB4-99DC-D8210D785B62}
		{B83B8EE3-9DDC-445B-9EA5-8B99A18ABCA0} = {4B095B8A-5F4C-4DB4-99DC-D8210D785B62}
		{77A74AB4-7D98-4194-A362-3FD66BA84686} = {4B095B8A-5F4C-4DB4-99DC-D8210D785B62}
		{FAE87DFE-9E23-40ED-AF95-4B79778F7EE6} = {4B095B8A-5F4C-4DB4-99DC-D8210D785B62}
		{92426666-B168-4C2E-9D5C-88D3193ADD0A} = {4B095B8A-5F4C-4DB4-99DC-D8210D785B62}
		{83620A1F-8D34-4069-A5DE-F856BC5F5950} = {4B095B8A-5F4C-4DB4-99DC-D8210D785B62}
		{7B6F969A-229A-4F43-8FF2-C27D9DCA9204} = {FF570D11-7DA9-452E-96A8-133C67B656CB}
		{2B36CB1B-9D4A-4B8F-B3B6-FBE7D2FC30C1} = {67CDE129-64BD-4A6A-A708-A9789F967806}
		{9DA4283B-DCE5-4E5B-A1BE-B5BF8BC94A43} = {67CDE129-64BD-4A6A-A708-A9789F967806}
		{C377D192-7962-4A7F-B435-CEACF35BBE2D} = {BA2D62B2-9BE4-4C6D-A8D0-F8B3D7159549}
		{5E80B3C5-08A8-4E7A-A330-A5CCAE298B54} = {BA2D62B2-9BE4-4C6D-A8D0-F8B3D7159549}
	EndGlobalSection
EndGlobal
